
Microsoft Visual Studio Solution File, Format Version 12.00
# Visual Studio Version 17
VisualStudioVersion = 17.9.34902.65
MinimumVisualStudioVersion = 10.0.40219.1
Project("{FAE04EC0-301F-11D3-BF4B-00C04F79EFBC}") = "FexDwnl", "FexDwnl.csproj", "{5A6CD857-68EC-439C-8D29-EC4201DCD761}"
EndProject
Global
	GlobalSection(SolutionConfigurationPlatforms) = preSolution
		Debug|Any CPU = Debug|Any CPU
		Release|Any CPU = Release|Any CPU
	EndGlobalSection
	GlobalSection(ProjectConfigurationPlatforms) = postSolution
		{5A6CD857-68EC-439C-8D29-EC4201DCD761}.Debug|Any CPU.ActiveCfg = Debug|Any CPU
		{5A6CD857-68EC-439C-8D29-EC4201DCD761}.Debug|Any CPU.Build.0 = Debug|Any CPU
		{5A6CD857-68EC-439C-8D29-EC4201DCD761}.Release|Any CPU.ActiveCfg = Release|Any CPU
		{5A6CD857-68EC-439C-8D29-EC4201DCD761}.Release|Any CPU.Build.0 = Release|Any CPU
	EndGlobalSection
	GlobalSection(SolutionProperties) = preSolution
		HideSolutionNode = FALSE
	EndGlobalSection
	GlobalSection(ExtensibilityGlobals) = postSolution
		SolutionGuid = {BD181A33-A20C-4E6A-ABFD-6C893C4A0408}
	EndGlobalSection
EndGlobal
